{
  "name": "assets",
  "lockfileVersion": 2,
  "requires": true,
  "packages": {
    "": {
      "dependencies": {
        "phoenix_live_view": "^0.15.5"
      }
    },
    "node_modules/phoenix_live_view": {
      "version": "0.15.5",
      "resolved": "https://registry.npmjs.org/phoenix_live_view/-/phoenix_live_view-0.15.5.tgz",
      "integrity": "sha512-GXrpPgALFYyQWjvCA+tjT3ZXUIWK5aDGyNb9NMx95kTFj9FNbCily0UkcnM2xCDv3skRL62UoA4QNpsXSTZyiA=="
    }
  },
  "dependencies": {
    "phoenix_live_view": {
      "version": "0.15.5",
      "resolved": "https://registry.npmjs.org/phoenix_live_view/-/phoenix_live_view-0.15.5.tgz",
      "integrity": "sha512-GXrpPgALFYyQWjvCA+tjT3ZXUIWK5aDGyNb9NMx95kTFj9FNbCily0UkcnM2xCDv3skRL62UoA4QNpsXSTZyiA=="
    }
  }
}
